
Microsoft Visual Studio Solution File, Format Version 12.00
# Visual Studio 15
VisualStudioVersion = 15.0.27428.2043
MinimumVisualStudioVersion = 10.0.40219.1
Project("{FAE04EC0-301F-11D3-BF4B-00C04F79EFBC}") = "CustomFontSample", "CustomFontSample\CustomFontSample.csproj", "{92ECAC2F-0632-49CD-A943-8FD2B76E0881}"
EndProject
Project("{E53339B2-1760-4266-BCC7-CA923CBCF16C}") = "docker-compose", "docker-compose.dcproj", "{4E5241BB-645F-4F5F-8404-2F81FD4E310A}"
EndProject
Global
	GlobalSection(SolutionConfigurationPlatforms) = preSolution
		Debug|Any CPU = Debug|Any CPU
		Release|Any CPU = Release|Any CPU
	EndGlobalSection
	GlobalSection(ProjectConfigurationPlatforms) = postSolution
		{92ECAC2F-0632-49CD-A943-8FD2B76E0881}.Debug|Any CPU.ActiveCfg = Debug|Any CPU
		{92ECAC2F-0632-49CD-A943-8FD2B76E0881}.Debug|Any CPU.Build.0 = Debug|Any CPU
		{92ECAC2F-0632-49CD-A943-8FD2B76E0881}.Release|Any CPU.ActiveCfg = Release|Any CPU
		{92ECAC2F-0632-49CD-A943-8FD2B76E0881}.Release|Any CPU.Build.0 = Release|Any CPU
		{4E5241BB-645F-4F5F-8404-2F81FD4E310A}.Debug|Any CPU.ActiveCfg = Debug|Any CPU
		{4E5241BB-645F-4F5F-8404-2F81FD4E310A}.Debug|Any CPU.Build.0 = Debug|Any CPU
		{4E5241BB-645F-4F5F-8404-2F81FD4E310A}.Release|Any CPU.ActiveCfg = Release|Any CPU
		{4E5241BB-645F-4F5F-8404-2F81FD4E310A}.Release|Any CPU.Build.0 = Release|Any CPU
	EndGlobalSection
	GlobalSection(SolutionProperties) = preSolution
		HideSolutionNode = FALSE
	EndGlobalSection
	GlobalSection(ExtensibilityGlobals) = postSolution
		SolutionGuid = {B9FD3CA3-16A4-4336-80ED-FA0E5A1522D9}
	EndGlobalSection
EndGlobal
